
Microsoft Visual Studio Solution File, Format Version 12.00
# Visual Studio 15
VisualStudioVersion = 15.0.27703.2018
MinimumVisualStudioVersion = 10.0.40219.1
Project("{FAE04EC0-301F-11D3-BF4B-00C04F79EFBC}") = "CS_Final_Project", "CS_Final_Project\CS_Final_Project.csproj", "{6B65419D-6616-48B5-8698-9BFCC0E79B73}"
EndProject
Global
	GlobalSection(SolutionConfigurationPlatforms) = preSolution
		Debug|Any CPU = Debug|Any CPU
		Release|Any CPU = Release|Any CPU
	EndGlobalSection
	GlobalSection(ProjectConfigurationPlatforms) = postSolution
		{6B65419D-6616-48B5-8698-9BFCC0E79B73}.Debug|Any CPU.ActiveCfg = Debug|Any CPU
		{6B65419D-6616-48B5-8698-9BFCC0E79B73}.Debug|Any CPU.Build.0 = Debug|Any CPU
		{6B65419D-6616-48B5-8698-9BFCC0E79B73}.Release|Any CPU.ActiveCfg = Release|Any CPU
		{6B65419D-6616-48B5-8698-9BFCC0E79B73}.Release|Any CPU.Build.0 = Release|Any CPU
	EndGlobalSection
	GlobalSection(SolutionProperties) = preSolution
		HideSolutionNode = FALSE
	EndGlobalSection
	GlobalSection(ExtensibilityGlobals) = postSolution
		SolutionGuid = {132A4B25-7AC1-45B6-8EF2-B76B6F76484E}
	EndGlobalSection
EndGlobal
